
Microsoft Visual Studio Solution File, Format Version 12.00
# Visual Studio Version 17
VisualStudioVersion = 17.1.32210.238
MinimumVisualStudioVersion = 10.0.40219.1
Project("{FAE04EC0-301F-11D3-BF4B-00C04F79EFBC}") = "hastane", "hastane.csproj", "{52DA0679-6BDC-479F-84B4-ADBF1C7FB825}"
EndProject
Global
	GlobalSection(SolutionConfigurationPlatforms) = preSolution
		Debug|Any CPU = Debug|Any CPU
		Release|Any CPU = Release|Any CPU
	EndGlobalSection
	GlobalSection(ProjectConfigurationPlatforms) = postSolution
		{52DA0679-6BDC-479F-84B4-ADBF1C7FB825}.Debug|Any CPU.ActiveCfg = Debug|Any CPU
		{52DA0679-6BDC-479F-84B4-ADBF1C7FB825}.Debug|Any CPU.Build.0 = Debug|Any CPU
		{52DA0679-6BDC-479F-84B4-ADBF1C7FB825}.Release|Any CPU.ActiveCfg = Release|Any CPU
		{52DA0679-6BDC-479F-84B4-ADBF1C7FB825}.Release|Any CPU.Build.0 = Release|Any CPU
	EndGlobalSection
	GlobalSection(SolutionProperties) = preSolution
		HideSolutionNode = FALSE
	EndGlobalSection
	GlobalSection(ExtensibilityGlobals) = postSolution
		SolutionGuid = {F6CF595F-2925-4157-A2EB-80548942D09B}
	EndGlobalSection
EndGlobal
